PODS:
  - MCBubble (1.1.1)
  - SnapKit (5.6.0)

DEPENDENCIES:
  - MCBubble (from `../`)
  - SnapKit

SPEC REPOS:
  trunk:
    - SnapKit

EXTERNAL SOURCES:
  MCBubble:
    :path: "../"

SPEC CHECKSUMS:
  MCBubble: db10c462fb6b3ae0a92ad7ec0f5111f174bea415
  SnapKit: e01d52ebb8ddbc333eefe2132acf85c8227d9c25

PODFILE CHECKSUM: d44af21c00ee449babecd0f1c765b3aac6dbdb6d

COCOAPODS: 1.15.2
