PODS:
  - MCBubble (1.0.0)
  - SnapKit (5.6.0)

DEPENDENCIES:
  - MCBubble (from `../`)
  - SnapKit

SPEC REPOS:
  trunk:
    - SnapKit

EXTERNAL SOURCES:
  MCBubble:
    :path: "../"

SPEC CHECKSUMS:
  MCBubble: 1fcddafa4a4dc018c42b89513e464d642ea73494
  SnapKit: e01d52ebb8ddbc333eefe2132acf85c8227d9c25

PODFILE CHECKSUM: d44af21c00ee449babecd0f1c765b3aac6dbdb6d

COCOAPODS: 1.15.2
